
Microsoft Visual Studio Solution File, Format Version 12.00
# Visual Studio 15
VisualStudioVersion = 15.0.27428.2027
MinimumVisualStudioVersion = 10.0.40219.1
Project("{FAE04EC0-301F-11D3-BF4B-00C04F79EFBC}") = "Student results1", "Student results1\Student results1.csproj", "{DD690235-FAD4-4A0E-9580-B73807FDA5C9}"
EndProject
Global
	GlobalSection(SolutionConfigurationPlatforms) = preSolution
		Debug|Any CPU = Debug|Any CPU
		Release|Any CPU = Release|Any CPU
	EndGlobalSection
	GlobalSection(ProjectConfigurationPlatforms) = postSolution
		{DD690235-FAD4-4A0E-9580-B73807FDA5C9}.Debug|Any CPU.ActiveCfg = Debug|Any CPU
		{DD690235-FAD4-4A0E-9580-B73807FDA5C9}.Debug|Any CPU.Build.0 = Debug|Any CPU
		{DD690235-FAD4-4A0E-9580-B73807FDA5C9}.Release|Any CPU.ActiveCfg = Release|Any CPU
		{DD690235-FAD4-4A0E-9580-B73807FDA5C9}.Release|Any CPU.Build.0 = Release|Any CPU
	EndGlobalSection
	GlobalSection(SolutionProperties) = preSolution
		HideSolutionNode = FALSE
	EndGlobalSection
	GlobalSection(ExtensibilityGlobals) = postSolution
		SolutionGuid = {E0E8F8FC-FD2B-4583-B8B7-ED8A37311FE9}
	EndGlobalSection
EndGlobal
